
Microsoft Visual Studio Solution File, Format Version 12.00
# Visual Studio Version 17
VisualStudioVersion = 17.13.35806.99 d17.13
MinimumVisualStudioVersion = 10.0.40219.1
Project("{FAE04EC0-301F-11D3-BF4B-00C04F79EFBC}") = "QuanLySinhVien", "QuanLySinhVien\QuanLySinhVien.csproj", "{29590D6F-B003-4886-90E8-407061872FFD}"
EndProject
Global
	GlobalSection(SolutionConfigurationPlatforms) = preSolution
		Debug|Any CPU = Debug|Any CPU
		Release|Any CPU = Release|Any CPU
	EndGlobalSection
	GlobalSection(ProjectConfigurationPlatforms) = postSolution
		{29590D6F-B003-4886-90E8-407061872FFD}.Debug|Any CPU.ActiveCfg = Debug|Any CPU
		{29590D6F-B003-4886-90E8-407061872FFD}.Debug|Any CPU.Build.0 = Debug|Any CPU
		{29590D6F-B003-4886-90E8-407061872FFD}.Release|Any CPU.ActiveCfg = Release|Any CPU
		{29590D6F-B003-4886-90E8-407061872FFD}.Release|Any CPU.Build.0 = Release|Any CPU
	EndGlobalSection
	GlobalSection(SolutionProperties) = preSolution
		HideSolutionNode = FALSE
	EndGlobalSection
	GlobalSection(ExtensibilityGlobals) = postSolution
		SolutionGuid = {1710E9F1-FF90-44C0-AD11-242FF0CBA68F}
	EndGlobalSection
EndGlobal
